
Microsoft Visual Studio Solution File, Format Version 12.00
# Visual Studio Version 16
VisualStudioVersion = 16.0.29911.84
MinimumVisualStudioVersion = 10.0.40219.1
Project("{FAE04EC0-301F-11D3-BF4B-00C04F79EFBC}") = "WebApi", "WebApi\WebApi.csproj", "{49E8F2B1-C861-4878-A469-F28A1E271C4E}"
EndProject
Project("{FAE04EC0-301F-11D3-BF4B-00C04F79EFBC}") = "Domain", "Domain\Domain.csproj", "{F9F15293-F18A-4F3C-A62F-406DDA7EBDE7}"
EndProject
Project("{FAE04EC0-301F-11D3-BF4B-00C04F79EFBC}") = "Application", "Application\Application.csproj", "{3A4E28A5-05CF-4ADF-90FF-24B6524B6928}"
EndProject
Project("{FAE04EC0-301F-11D3-BF4B-00C04F79EFBC}") = "Infrastructure.Crosscutting.Documentation.Swagger", "Infrastructure.Crosscutting.Documentation.Swagger\Infrastructure.Crosscutting.Documentation.Swagger.csproj", "{885F1FEA-39E4-4794-BB58-9DE2A69DC2BD}"
EndProject
Project("{FAE04EC0-301F-11D3-BF4B-00C04F79EFBC}") = "Infrastructure.Crosscutting.DependencyInjection.Unity", "Infrastructure.Crosscutting.DependencyInjection.Unity\Infrastructure.Crosscutting.DependencyInjection.Unity.csproj", "{57F7110B-9C83-40AD-9B3E-04A659D188B7}"
EndProject
Project("{FAE04EC0-301F-11D3-BF4B-00C04F79EFBC}") = "Infrastructure.Persistence.Dapper", "Infrastructure.Persistence.Dapper\Infrastructure.Persistence.Dapper.csproj", "{18189842-FCB8-4B9C-94BA-C93C10836540}"
EndProject
Project("{FAE04EC0-301F-11D3-BF4B-00C04F79EFBC}") = "Infrastructure.Crosscutting", "Infrastructure.Crosscutting\Infrastructure.Crosscutting.csproj", "{FE0E59F4-4656-40C8-AFDA-FD903D9EFB95}"
EndProject
Project("{FAE04EC0-301F-11D3-BF4B-00C04F79EFBC}") = "Infrastructure.Crosscutting.BackgroundProcessing.Hangfire", "Infrastructure.Crosscutting.BackgroundProcessing.Hangfire\Infrastructure.Crosscutting.BackgroundProcessing.Hangfire.csproj", "{FD8C7EB7-BE42-4831-932C-134F06F54FD5}"
EndProject
Project("{FAE04EC0-301F-11D3-BF4B-00C04F79EFBC}") = "Infrastructure.Crosscutting.AutoMapping.AutoMapper", "Infrastructure.Crosscutting.AutoMapping.AutoMapper\Infrastructure.Crosscutting.AutoMapping.AutoMapper.csproj", "{9E42E658-9490-47B4-BB3D-B31C281403F2}"
EndProject
Project("{FAE04EC0-301F-11D3-BF4B-00C04F79EFBC}") = "Domain.UnitTests", "Domain.UnitTests\Domain.UnitTests.csproj", "{95A9C2A1-1F49-45DA-BEDD-1FE6EC26C6B8}"
EndProject
Project("{2150E333-8FDC-42A3-9474-1A3956D46DE8}") = "UnitTests", "UnitTests", "{D932683C-AFB4-4560-8820-4B8BF30E3641}"
EndProject
Global
	GlobalSection(SolutionConfigurationPlatforms) = preSolution
		Debug|Any CPU = Debug|Any CPU
		Release|Any CPU = Release|Any CPU
		Test|Any CPU = Test|Any CPU
	EndGlobalSection
	GlobalSection(ProjectConfigurationPlatforms) = postSolution
		{49E8F2B1-C861-4878-A469-F28A1E271C4E}.Debug|Any CPU.ActiveCfg = Debug|Any CPU
		{49E8F2B1-C861-4878-A469-F28A1E271C4E}.Debug|Any CPU.Build.0 = Debug|Any CPU
		{49E8F2B1-C861-4878-A469-F28A1E271C4E}.Release|Any CPU.ActiveCfg = Release|Any CPU
		{49E8F2B1-C861-4878-A469-F28A1E271C4E}.Release|Any CPU.Build.0 = Release|Any CPU
		{49E8F2B1-C861-4878-A469-F28A1E271C4E}.Test|Any CPU.ActiveCfg = Test|Any CPU
		{49E8F2B1-C861-4878-A469-F28A1E271C4E}.Test|Any CPU.Build.0 = Test|Any CPU
		{F9F15293-F18A-4F3C-A62F-406DDA7EBDE7}.Debug|Any CPU.ActiveCfg = Debug|Any CPU
		{F9F15293-F18A-4F3C-A62F-406DDA7EBDE7}.Debug|Any CPU.Build.0 = Debug|Any CPU
		{F9F15293-F18A-4F3C-A62F-406DDA7EBDE7}.Release|Any CPU.ActiveCfg = Release|Any CPU
		{F9F15293-F18A-4F3C-A62F-406DDA7EBDE7}.Release|Any CPU.Build.0 = Release|Any CPU
		{F9F15293-F18A-4F3C-A62F-406DDA7EBDE7}.Test|Any CPU.ActiveCfg = Test|Any CPU
		{F9F15293-F18A-4F3C-A62F-406DDA7EBDE7}.Test|Any CPU.Build.0 = Test|Any CPU
		{3A4E28A5-05CF-4ADF-90FF-24B6524B6928}.Debug|Any CPU.ActiveCfg = Debug|Any CPU
		{3A4E28A5-05CF-4ADF-90FF-24B6524B6928}.Debug|Any CPU.Build.0 = Debug|Any CPU
		{3A4E28A5-05CF-4ADF-90FF-24B6524B6928}.Release|Any CPU.ActiveCfg = Release|Any CPU
		{3A4E28A5-05CF-4ADF-90FF-24B6524B6928}.Release|Any CPU.Build.0 = Release|Any CPU
		{3A4E28A5-05CF-4ADF-90FF-24B6524B6928}.Test|Any CPU.ActiveCfg = Test|Any CPU
		{3A4E28A5-05CF-4ADF-90FF-24B6524B6928}.Test|Any CPU.Build.0 = Test|Any CPU
		{885F1FEA-39E4-4794-BB58-9DE2A69DC2BD}.Debug|Any CPU.ActiveCfg = Debug|Any CPU
		{885F1FEA-39E4-4794-BB58-9DE2A69DC2BD}.Debug|Any CPU.Build.0 = Debug|Any CPU
		{885F1FEA-39E4-4794-BB58-9DE2A69DC2BD}.Release|Any CPU.ActiveCfg = Release|Any CPU
		{885F1FEA-39E4-4794-BB58-9DE2A69DC2BD}.Release|Any CPU.Build.0 = Release|Any CPU
		{885F1FEA-39E4-4794-BB58-9DE2A69DC2BD}.Test|Any CPU.ActiveCfg = Test|Any CPU
		{885F1FEA-39E4-4794-BB58-9DE2A69DC2BD}.Test|Any CPU.Build.0 = Test|Any CPU
		{57F7110B-9C83-40AD-9B3E-04A659D188B7}.Debug|Any CPU.ActiveCfg = Debug|Any CPU
		{57F7110B-9C83-40AD-9B3E-04A659D188B7}.Debug|Any CPU.Build.0 = Debug|Any CPU
		{57F7110B-9C83-40AD-9B3E-04A659D188B7}.Release|Any CPU.ActiveCfg = Release|Any CPU
		{57F7110B-9C83-40AD-9B3E-04A659D188B7}.Release|Any CPU.Build.0 = Release|Any CPU
		{57F7110B-9C83-40AD-9B3E-04A659D188B7}.Test|Any CPU.ActiveCfg = Test|Any CPU
		{57F7110B-9C83-40AD-9B3E-04A659D188B7}.Test|Any CPU.Build.0 = Test|Any CPU
		{18189842-FCB8-4B9C-94BA-C93C10836540}.Debug|Any CPU.ActiveCfg = Debug|Any CPU
		{18189842-FCB8-4B9C-94BA-C93C10836540}.Debug|Any CPU.Build.0 = Debug|Any CPU
		{18189842-FCB8-4B9C-94BA-C93C10836540}.Release|Any CPU.ActiveCfg = Release|Any CPU
		{18189842-FCB8-4B9C-94BA-C93C10836540}.Release|Any CPU.Build.0 = Release|Any CPU
		{18189842-FCB8-4B9C-94BA-C93C10836540}.Test|Any CPU.ActiveCfg = Test|Any CPU
		{18189842-FCB8-4B9C-94BA-C93C10836540}.Test|Any CPU.Build.0 = Test|Any CPU
		{FE0E59F4-4656-40C8-AFDA-FD903D9EFB95}.Debug|Any CPU.ActiveCfg = Debug|Any CPU
		{FE0E59F4-4656-40C8-AFDA-FD903D9EFB95}.Debug|Any CPU.Build.0 = Debug|Any CPU
		{FE0E59F4-4656-40C8-AFDA-FD903D9EFB95}.Release|Any CPU.ActiveCfg = Release|Any CPU
		{FE0E59F4-4656-40C8-AFDA-FD903D9EFB95}.Release|Any CPU.Build.0 = Release|Any CPU
		{FE0E59F4-4656-40C8-AFDA-FD903D9EFB95}.Test|Any CPU.ActiveCfg = Release|Any CPU
		{FE0E59F4-4656-40C8-AFDA-FD903D9EFB95}.Test|Any CPU.Build.0 = Release|Any CPU
		{FD8C7EB7-BE42-4831-932C-134F06F54FD5}.Debug|Any CPU.ActiveCfg = Debug|Any CPU
		{FD8C7EB7-BE42-4831-932C-134F06F54FD5}.Debug|Any CPU.Build.0 = Debug|Any CPU
		{FD8C7EB7-BE42-4831-932C-134F06F54FD5}.Release|Any CPU.ActiveCfg = Release|Any CPU
		{FD8C7EB7-BE42-4831-932C-134F06F54FD5}.Release|Any CPU.Build.0 = Release|Any CPU
		{FD8C7EB7-BE42-4831-932C-134F06F54FD5}.Test|Any CPU.ActiveCfg = Release|Any CPU
		{FD8C7EB7-BE42-4831-932C-134F06F54FD5}.Test|Any CPU.Build.0 = Release|Any CPU
		{9E42E658-9490-47B4-BB3D-B31C281403F2}.Debug|Any CPU.ActiveCfg = Debug|Any CPU
		{9E42E658-9490-47B4-BB3D-B31C281403F2}.Debug|Any CPU.Build.0 = Debug|Any CPU
		{9E42E658-9490-47B4-BB3D-B31C281403F2}.Release|Any CPU.ActiveCfg = Release|Any CPU
		{9E42E658-9490-47B4-BB3D-B31C281403F2}.Release|Any CPU.Build.0 = Release|Any CPU
		{9E42E658-9490-47B4-BB3D-B31C281403F2}.Test|Any CPU.ActiveCfg = Test|Any CPU
		{9E42E658-9490-47B4-BB3D-B31C281403F2}.Test|Any CPU.Build.0 = Test|Any CPU
		{95A9C2A1-1F49-45DA-BEDD-1FE6EC26C6B8}.Debug|Any CPU.ActiveCfg = Debug|Any CPU
		{95A9C2A1-1F49-45DA-BEDD-1FE6EC26C6B8}.Debug|Any CPU.Build.0 = Debug|Any CPU
		{95A9C2A1-1F49-45DA-BEDD-1FE6EC26C6B8}.Release|Any CPU.ActiveCfg = Release|Any CPU
		{95A9C2A1-1F49-45DA-BEDD-1FE6EC26C6B8}.Release|Any CPU.Build.0 = Release|Any CPU
		{95A9C2A1-1F49-45DA-BEDD-1FE6EC26C6B8}.Test|Any CPU.ActiveCfg = Release|Any CPU
		{95A9C2A1-1F49-45DA-BEDD-1FE6EC26C6B8}.Test|Any CPU.Build.0 = Release|Any CPU
	EndGlobalSection
	GlobalSection(SolutionProperties) = preSolution
		HideSolutionNode = FALSE
	EndGlobalSection
	GlobalSection(NestedProjects) = preSolution
		{95A9C2A1-1F49-45DA-BEDD-1FE6EC26C6B8} = {D932683C-AFB4-4560-8820-4B8BF30E3641}
	EndGlobalSection
	GlobalSection(ExtensibilityGlobals) = postSolution
		SolutionGuid = {D9EA0AE4-3F0B-4B8D-9D56-6C4C6F3DB1B9}
	EndGlobalSection
EndGlobal
